
Microsoft Visual Studio Solution File, Format Version 12.00
# Visual Studio Version 17
VisualStudioVersion = 17.11.35312.102
MinimumVisualStudioVersion = 10.0.40219.1
Project("{FAE04EC0-301F-11D3-BF4B-00C04F79EFBC}") = "Biblioteca.API", "Biblioteca.API\Biblioteca.API.csproj", "{A5F21C3E-65BE-46B8-B8CA-DF5DD2CF90F8}"
EndProject
Project("{FAE04EC0-301F-11D3-BF4B-00C04F79EFBC}") = "Biblioteca.Infrastructure", "Biblioteca.Infrastructure\Biblioteca.Infrastructure.csproj", "{3C68CF9B-EC24-42B4-A8B4-A0B60D0D023B}"
EndProject
Project("{FAE04EC0-301F-11D3-BF4B-00C04F79EFBC}") = "Biblioteca.Core", "Biblioteca.Core\Biblioteca.Core.csproj", "{C6463B54-7386-4C41-8916-9944AB95626E}"
EndProject
Project("{FAE04EC0-301F-11D3-BF4B-00C04F79EFBC}") = "Biblioteca.Application", "Biblioteca.Application\Biblioteca.Application.csproj", "{698C62C3-02C8-415E-BD41-6A62B37D7F91}"
EndProject
Global
	GlobalSection(SolutionConfigurationPlatforms) = preSolution
		Debug|Any CPU = Debug|Any CPU
		Release|Any CPU = Release|Any CPU
	EndGlobalSection
	GlobalSection(ProjectConfigurationPlatforms) = postSolution
		{A5F21C3E-65BE-46B8-B8CA-DF5DD2CF90F8}.Debug|Any CPU.ActiveCfg = Debug|Any CPU
		{A5F21C3E-65BE-46B8-B8CA-DF5DD2CF90F8}.Debug|Any CPU.Build.0 = Debug|Any CPU
		{A5F21C3E-65BE-46B8-B8CA-DF5DD2CF90F8}.Release|Any CPU.ActiveCfg = Release|Any CPU
		{A5F21C3E-65BE-46B8-B8CA-DF5DD2CF90F8}.Release|Any CPU.Build.0 = Release|Any CPU
		{3C68CF9B-EC24-42B4-A8B4-A0B60D0D023B}.Debug|Any CPU.ActiveCfg = Debug|Any CPU
		{3C68CF9B-EC24-42B4-A8B4-A0B60D0D023B}.Debug|Any CPU.Build.0 = Debug|Any CPU
		{3C68CF9B-EC24-42B4-A8B4-A0B60D0D023B}.Release|Any CPU.ActiveCfg = Release|Any CPU
		{3C68CF9B-EC24-42B4-A8B4-A0B60D0D023B}.Release|Any CPU.Build.0 = Release|Any CPU
		{C6463B54-7386-4C41-8916-9944AB95626E}.Debug|Any CPU.ActiveCfg = Debug|Any CPU
		{C6463B54-7386-4C41-8916-9944AB95626E}.Debug|Any CPU.Build.0 = Debug|Any CPU
		{C6463B54-7386-4C41-8916-9944AB95626E}.Release|Any CPU.ActiveCfg = Release|Any CPU
		{C6463B54-7386-4C41-8916-9944AB95626E}.Release|Any CPU.Build.0 = Release|Any CPU
		{698C62C3-02C8-415E-BD41-6A62B37D7F91}.Debug|Any CPU.ActiveCfg = Debug|Any CPU
		{698C62C3-02C8-415E-BD41-6A62B37D7F91}.Debug|Any CPU.Build.0 = Debug|Any CPU
		{698C62C3-02C8-415E-BD41-6A62B37D7F91}.Release|Any CPU.ActiveCfg = Release|Any CPU
		{698C62C3-02C8-415E-BD41-6A62B37D7F91}.Release|Any CPU.Build.0 = Release|Any CPU
	EndGlobalSection
	GlobalSection(SolutionProperties) = preSolution
		HideSolutionNode = FALSE
	EndGlobalSection
	GlobalSection(ExtensibilityGlobals) = postSolution
		SolutionGuid = {D174EF4B-4AF5-4C3C-AD8E-80A92D356693}
	EndGlobalSection
EndGlobal
